{
  "name": "frontend",
  "lockfileVersion": 2,
  "requires": true,
  "packages": {
    "": {
      "dependencies": {
        "primeicons": "^4.1.0",
        "primeng": "^12.0.0-rc.1"
      }
    },
    "node_modules/@angular/common": {
      "version": "12.0.4",
      "resolved": "https://registry.npmjs.org/@angular/common/-/common-12.0.4.tgz",
      "integrity": "sha512-P0l5OcDdJhsURakJXxV9tGbicY8a6fEBsB+9f4iTEm36Q1FO0/7RhMMlwUDBlNK37P1oi7pEUA0mRcFIx9TOLA==",
      "peer": true,
      "dependencies": {
        "tslib": "^2.1.0"
      },
      "engines": {
        "node": "^12.14.1 || >=14.0.0"
      },
      "peerDependencies": {
        "@angular/core": "12.0.4",
        "rxjs": "^6.5.3"
      }
    },
    "node_modules/@angular/core": {
      "version": "12.0.4",
      "resolved": "https://registry.npmjs.org/@angular/core/-/core-12.0.4.tgz",
      "integrity": "sha512-KYFcFDot89F65CN3MzMEFoUPCVEZUkSQCLyxWfJAJT56Vtik6r91w6qwprFJ2wRk7SJ7018NLFwjZQIElj0s8A==",
      "peer": true,
      "dependencies": {
        "tslib": "^2.1.0"
      },
      "engines": {
        "node": "^12.14.1 || >=14.0.0"
      },
      "peerDependencies": {
        "rxjs": "^6.5.3",
        "zone.js": "~0.11.4"
      }
    },
    "node_modules/@angular/forms": {
      "version": "12.0.4",
      "resolved": "https://registry.npmjs.org/@angular/forms/-/forms-12.0.4.tgz",
      "integrity": "sha512-700j7RNGdQhGrIUMwSgP1DxT35JlYmAdmmKK2mZl2bfQwZw1xKwyG9XgbLGiaJbFoG3nLLiUgJFonA+xS4nU6w==",
      "peer": true,
      "dependencies": {
        "tslib": "^2.1.0"
      },
      "engines": {
        "node": "^12.14.1 || >=14.0.0"
      },
      "peerDependencies": {
        "@angular/common": "12.0.4",
        "@angular/core": "12.0.4",
        "@angular/platform-browser": "12.0.4",
        "rxjs": "^6.5.3"
      }
    },
    "node_modules/@angular/platform-browser": {
      "version": "12.0.4",
      "resolved": "https://registry.npmjs.org/@angular/platform-browser/-/platform-browser-12.0.4.tgz",
      "integrity": "sha512-Wp8NSGZdbX1rHwnwaB3qijJ5rFmZ+BIOsCZDgZR18NZrF+R+npAm276/uM4g8n8KqRUbQkBeuWCPMfZNjwMY8g==",
      "peer": true,
      "dependencies": {
        "tslib": "^2.1.0"
      },
      "engines": {
        "node": "^12.14.1 || >=14.0.0"
      },
      "peerDependencies": {
        "@angular/animations": "12.0.4",
        "@angular/common": "12.0.4",
        "@angular/core": "12.0.4"
      },
      "peerDependenciesMeta": {
        "@angular/animations": {
          "optional": true
        }
      }
    },
    "node_modules/primeicons": {
      "version": "4.1.0",
      "resolved": "https://registry.npmjs.org/primeicons/-/primeicons-4.1.0.tgz",
      "integrity": "sha512-uEv2pSPk1zQCfaB2VgnUfnUxxlGryYi+5rbdxmZBBt5v9S/pscIQYS5YDLxsQZ7D9jn5c76+Tx5wX/2J1nK6sA=="
    },
    "node_modules/primeng": {
      "version": "12.0.0-rc.1",
      "resolved": "https://registry.npmjs.org/primeng/-/primeng-12.0.0-rc.1.tgz",
      "integrity": "sha512-YSQUKmUFa234wzvm8HYzu1wdQlg1Jd2BI85YYiNdwV3uwZIPRDsOURkapZ42bcQHwBrXPUXkCBgULhoiC6Dlfw==",
      "dependencies": {
        "tslib": "^2.1.0"
      },
      "peerDependencies": {
        "@angular/common": "^7.0.0 || ^8.0.0 || ^9.0.0 || ^10.0.0 || ^11.0.0 || ^12.0.0",
        "@angular/core": "^7.0.0 || ^8.0.0 || ^9.0.0 || ^10.0.0 || ^11.0.0 || ^12.0.0",
        "@angular/forms": "^7.0.0 || ^8.0.0 || ^9.0.0 || ^10.0.0 || ^11.0.0 || ^12.0.0",
        "rxjs": "^6.0.0",
        "zone.js": "^0.10.2 || ^0.11.0"
      }
    },
    "node_modules/rxjs": {
      "version": "6.6.7",
      "resolved": "https://registry.npmjs.org/rxjs/-/rxjs-6.6.7.tgz",
      "integrity": "sha512-hTdwr+7yYNIT5n4AMYp85KA6yw2Va0FLa3Rguvbpa4W3I5xynaBZo41cM3XM+4Q6fRMj3sBYIR1VAmZMXYJvRQ==",
      "peer": true,
      "dependencies": {
        "tslib": "^1.9.0"
      },
      "engines": {
        "npm": ">=2.0.0"
      }
    },
    "node_modules/rxjs/node_modules/tslib": {
      "version": "1.14.1",
      "resolved": "https://registry.npmjs.org/tslib/-/tslib-1.14.1.tgz",
      "integrity": "sha512-Xni35NKzjgMrwevysHTCArtLDpPvye8zV/0E4EyYn43P7/7qvQwPh9BGkHewbMulVntbigmcT7rdX3BNo9wRJg==",
      "peer": true
    },
    "node_modules/tslib": {
      "version": "2.3.0",
      "resolved": "https://registry.npmjs.org/tslib/-/tslib-2.3.0.tgz",
      "integrity": "sha512-N82ooyxVNm6h1riLCoyS9e3fuJ3AMG2zIZs2Gd1ATcSFjSA23Q0fzjjZeh0jbJvWVDZ0cJT8yaNNaaXHzueNjg=="
    },
    "node_modules/zone.js": {
      "version": "0.11.4",
      "resolved": "https://registry.npmjs.org/zone.js/-/zone.js-0.11.4.tgz",
      "integrity": "sha512-DDh2Ab+A/B+9mJyajPjHFPWfYU1H+pdun4wnnk0OcQTNjem1XQSZ2CDW+rfZEUDjv5M19SBqAkjZi0x5wuB5Qw==",
      "peer": true,
      "dependencies": {
        "tslib": "^2.0.0"
      }
    }
  },
  "dependencies": {
    "@angular/common": {
      "version": "12.0.4",
      "resolved": "https://registry.npmjs.org/@angular/common/-/common-12.0.4.tgz",
      "integrity": "sha512-P0l5OcDdJhsURakJXxV9tGbicY8a6fEBsB+9f4iTEm36Q1FO0/7RhMMlwUDBlNK37P1oi7pEUA0mRcFIx9TOLA==",
      "peer": true,
      "requires": {
        "tslib": "^2.1.0"
      }
    },
    "@angular/core": {
      "version": "12.0.4",
      "resolved": "https://registry.npmjs.org/@angular/core/-/core-12.0.4.tgz",
      "integrity": "sha512-KYFcFDot89F65CN3MzMEFoUPCVEZUkSQCLyxWfJAJT56Vtik6r91w6qwprFJ2wRk7SJ7018NLFwjZQIElj0s8A==",
      "peer": true,
      "requires": {
        "tslib": "^2.1.0"
      }
    },
    "@angular/forms": {
      "version": "12.0.4",
      "resolved": "https://registry.npmjs.org/@angular/forms/-/forms-12.0.4.tgz",
      "integrity": "sha512-700j7RNGdQhGrIUMwSgP1DxT35JlYmAdmmKK2mZl2bfQwZw1xKwyG9XgbLGiaJbFoG3nLLiUgJFonA+xS4nU6w==",
      "peer": true,
      "requires": {
        "tslib": "^2.1.0"
      }
    },
    "@angular/platform-browser": {
      "version": "12.0.4",
      "resolved": "https://registry.npmjs.org/@angular/platform-browser/-/platform-browser-12.0.4.tgz",
      "integrity": "sha512-Wp8NSGZdbX1rHwnwaB3qijJ5rFmZ+BIOsCZDgZR18NZrF+R+npAm276/uM4g8n8KqRUbQkBeuWCPMfZNjwMY8g==",
      "peer": true,
      "requires": {
        "tslib": "^2.1.0"
      }
    },
    "primeicons": {
      "version": "4.1.0",
      "resolved": "https://registry.npmjs.org/primeicons/-/primeicons-4.1.0.tgz",
      "integrity": "sha512-uEv2pSPk1zQCfaB2VgnUfnUxxlGryYi+5rbdxmZBBt5v9S/pscIQYS5YDLxsQZ7D9jn5c76+Tx5wX/2J1nK6sA=="
    },
    "primeng": {
      "version": "12.0.0-rc.1",
      "resolved": "https://registry.npmjs.org/primeng/-/primeng-12.0.0-rc.1.tgz",
      "integrity": "sha512-YSQUKmUFa234wzvm8HYzu1wdQlg1Jd2BI85YYiNdwV3uwZIPRDsOURkapZ42bcQHwBrXPUXkCBgULhoiC6Dlfw==",
      "requires": {
        "tslib": "^2.1.0"
      }
    },
    "rxjs": {
      "version": "6.6.7",
      "resolved": "https://registry.npmjs.org/rxjs/-/rxjs-6.6.7.tgz",
      "integrity": "sha512-hTdwr+7yYNIT5n4AMYp85KA6yw2Va0FLa3Rguvbpa4W3I5xynaBZo41cM3XM+4Q6fRMj3sBYIR1VAmZMXYJvRQ==",
      "peer": true,
      "requires": {
        "tslib": "^1.9.0"
      },
      "dependencies": {
        "tslib": {
          "version": "1.14.1",
          "resolved": "https://registry.npmjs.org/tslib/-/tslib-1.14.1.tgz",
          "integrity": "sha512-Xni35NKzjgMrwevysHTCArtLDpPvye8zV/0E4EyYn43P7/7qvQwPh9BGkHewbMulVntbigmcT7rdX3BNo9wRJg==",
          "peer": true
        }
      }
    },
    "tslib": {
      "version": "2.3.0",
      "resolved": "https://registry.npmjs.org/tslib/-/tslib-2.3.0.tgz",
      "integrity": "sha512-N82ooyxVNm6h1riLCoyS9e3fuJ3AMG2zIZs2Gd1ATcSFjSA23Q0fzjjZeh0jbJvWVDZ0cJT8yaNNaaXHzueNjg=="
    },
    "zone.js": {
      "version": "0.11.4",
      "resolved": "https://registry.npmjs.org/zone.js/-/zone.js-0.11.4.tgz",
      "integrity": "sha512-DDh2Ab+A/B+9mJyajPjHFPWfYU1H+pdun4wnnk0OcQTNjem1XQSZ2CDW+rfZEUDjv5M19SBqAkjZi0x5wuB5Qw==",
      "peer": true,
      "requires": {
        "tslib": "^2.0.0"
      }
    }
  }
}
